
Microsoft Visual Studio Solution File, Format Version 12.00
# Visual Studio Version 17
VisualStudioVersion = 17.3.32929.385
MinimumVisualStudioVersion = 10.0.40219.1
Project("{FAE04EC0-301F-11D3-BF4B-00C04F79EFBC}") = "Задача_8_27.11.2022", "Задача_8_27.11.2022\Задача_8_27.11.2022.csproj", "{DD7EE4D7-BEDD-4FCB-B2F6-3D5C31BCCE2F}"
EndProject
Project("{FAE04EC0-301F-11D3-BF4B-00C04F79EFBC}") = "Задача_8_1_27.11.2022", "Задача_8_1_27.11.2022\Задача_8_1_27.11.2022.csproj", "{7F409840-2639-4578-9463-F4DDD9A84309}"
EndProject
Project("{FAE04EC0-301F-11D3-BF4B-00C04F79EFBC}") = "Задача_8_2_27.11.2022", "Задача_8_2_27.11.2022\Задача_8_2_27.11.2022.csproj", "{8F533D68-EE44-41BB-9AD5-265B3262C0A6}"
EndProject
Global
	GlobalSection(SolutionConfigurationPlatforms) = preSolution
		Debug|Any CPU = Debug|Any CPU
		Release|Any CPU = Release|Any CPU
	EndGlobalSection
	GlobalSection(ProjectConfigurationPlatforms) = postSolution
		{DD7EE4D7-BEDD-4FCB-B2F6-3D5C31BCCE2F}.Debug|Any CPU.ActiveCfg = Debug|Any CPU
		{DD7EE4D7-BEDD-4FCB-B2F6-3D5C31BCCE2F}.Debug|Any CPU.Build.0 = Debug|Any CPU
		{DD7EE4D7-BEDD-4FCB-B2F6-3D5C31BCCE2F}.Release|Any CPU.ActiveCfg = Release|Any CPU
		{DD7EE4D7-BEDD-4FCB-B2F6-3D5C31BCCE2F}.Release|Any CPU.Build.0 = Release|Any CPU
		{7F409840-2639-4578-9463-F4DDD9A84309}.Debug|Any CPU.ActiveCfg = Debug|Any CPU
		{7F409840-2639-4578-9463-F4DDD9A84309}.Debug|Any CPU.Build.0 = Debug|Any CPU
		{7F409840-2639-4578-9463-F4DDD9A84309}.Release|Any CPU.ActiveCfg = Release|Any CPU
		{7F409840-2639-4578-9463-F4DDD9A84309}.Release|Any CPU.Build.0 = Release|Any CPU
		{8F533D68-EE44-41BB-9AD5-265B3262C0A6}.Debug|Any CPU.ActiveCfg = Debug|Any CPU
		{8F533D68-EE44-41BB-9AD5-265B3262C0A6}.Debug|Any CPU.Build.0 = Debug|Any CPU
		{8F533D68-EE44-41BB-9AD5-265B3262C0A6}.Release|Any CPU.ActiveCfg = Release|Any CPU
		{8F533D68-EE44-41BB-9AD5-265B3262C0A6}.Release|Any CPU.Build.0 = Release|Any CPU
	EndGlobalSection
	GlobalSection(SolutionProperties) = preSolution
		HideSolutionNode = FALSE
	EndGlobalSection
	GlobalSection(ExtensibilityGlobals) = postSolution
		SolutionGuid = {09C0B94B-2A39-44D4-9B01-6E380C5F0894}
	EndGlobalSection
EndGlobal
